
Microsoft Visual Studio Solution File, Format Version 12.00
# Visual Studio Version 16
VisualStudioVersion = 16.0.30204.135
MinimumVisualStudioVersion = 10.0.40219.1
Project("{888888A0-9F3D-457C-B088-3A5042F75D52}") = "MapIT", "MapIT\MapIT.pyproj", "{056D453F-328F-4239-AF92-8376D33FC94F}"
EndProject
Global
	GlobalSection(SolutionConfigurationPlatforms) = preSolution
		Debug|Any CPU = Debug|Any CPU
		Release|Any CPU = Release|Any CPU
	EndGlobalSection
	GlobalSection(ProjectConfigurationPlatforms) = postSolution
		{056D453F-328F-4239-AF92-8376D33FC94F}.Debug|Any CPU.ActiveCfg = Debug|Any CPU
		{056D453F-328F-4239-AF92-8376D33FC94F}.Release|Any CPU.ActiveCfg = Release|Any CPU
	EndGlobalSection
	GlobalSection(SolutionProperties) = preSolution
		HideSolutionNode = FALSE
	EndGlobalSection
	GlobalSection(ExtensibilityGlobals) = postSolution
		SolutionGuid = {DBB1FAF5-9D02-424C-90ED-E1C0FC8BB58D}
	EndGlobalSection
EndGlobal
